
Microsoft Visual Studio Solution File, Format Version 12.00
# Visual Studio 15
VisualStudioVersion = 15.0.28307.1022
MinimumVisualStudioVersion = 10.0.40219.1
Project("{FAE04EC0-301F-11D3-BF4B-00C04F79EFBC}") = "Expendedora.Consola", "Expendedora.Consola\Expendedora.Consola.csproj", "{CDEEEC3A-2D16-4E1D-A048-C6F6797F633A}"
EndProject
Project("{FAE04EC0-301F-11D3-BF4B-00C04F79EFBC}") = "Expendedora.Libreria", "Expendedora.Libreria\Expendedora.Libreria.csproj", "{043169A5-43BA-4CBF-AC45-B10C2350BD46}"
EndProject
Global
	GlobalSection(SolutionConfigurationPlatforms) = preSolution
		Debug|Any CPU = Debug|Any CPU
		Release|Any CPU = Release|Any CPU
	EndGlobalSection
	GlobalSection(ProjectConfigurationPlatforms) = postSolution
		{CDEEEC3A-2D16-4E1D-A048-C6F6797F633A}.Debug|Any CPU.ActiveCfg = Debug|Any CPU
		{CDEEEC3A-2D16-4E1D-A048-C6F6797F633A}.Debug|Any CPU.Build.0 = Debug|Any CPU
		{CDEEEC3A-2D16-4E1D-A048-C6F6797F633A}.Release|Any CPU.ActiveCfg = Release|Any CPU
		{CDEEEC3A-2D16-4E1D-A048-C6F6797F633A}.Release|Any CPU.Build.0 = Release|Any CPU
		{043169A5-43BA-4CBF-AC45-B10C2350BD46}.Debug|Any CPU.ActiveCfg = Debug|Any CPU
		{043169A5-43BA-4CBF-AC45-B10C2350BD46}.Debug|Any CPU.Build.0 = Debug|Any CPU
		{043169A5-43BA-4CBF-AC45-B10C2350BD46}.Release|Any CPU.ActiveCfg = Release|Any CPU
		{043169A5-43BA-4CBF-AC45-B10C2350BD46}.Release|Any CPU.Build.0 = Release|Any CPU
	EndGlobalSection
	GlobalSection(SolutionProperties) = preSolution
		HideSolutionNode = FALSE
	EndGlobalSection
	GlobalSection(ExtensibilityGlobals) = postSolution
		SolutionGuid = {853D2DE1-FEAE-48F3-8B9F-6FAA537EB3FF}
	EndGlobalSection
EndGlobal
